
Microsoft Visual Studio Solution File, Format Version 12.00
# Visual Studio Version 16
VisualStudioVersion = 16.0.29324.140
MinimumVisualStudioVersion = 10.0.40219.1
Project("{FAE04EC0-301F-11D3-BF4B-00C04F79EFBC}") = "ReportConstruct", "ReportConstruct\ReportConstruct.csproj", "{3AF5AEEB-84BC-4F3B-BF25-7FC9C3E91760}"
EndProject
Global
	GlobalSection(SolutionConfigurationPlatforms) = preSolution
		Debug|Any CPU = Debug|Any CPU
		Release|Any CPU = Release|Any CPU
	EndGlobalSection
	GlobalSection(ProjectConfigurationPlatforms) = postSolution
		{3AF5AEEB-84BC-4F3B-BF25-7FC9C3E91760}.Debug|Any CPU.ActiveCfg = Debug|Any CPU
		{3AF5AEEB-84BC-4F3B-BF25-7FC9C3E91760}.Debug|Any CPU.Build.0 = Debug|Any CPU
		{3AF5AEEB-84BC-4F3B-BF25-7FC9C3E91760}.Release|Any CPU.ActiveCfg = Release|Any CPU
		{3AF5AEEB-84BC-4F3B-BF25-7FC9C3E91760}.Release|Any CPU.Build.0 = Release|Any CPU
	EndGlobalSection
	GlobalSection(SolutionProperties) = preSolution
		HideSolutionNode = FALSE
	EndGlobalSection
	GlobalSection(ExtensibilityGlobals) = postSolution
		SolutionGuid = {F7EF00C6-4F6E-419B-A499-F75E1BE2DB2E}
	EndGlobalSection
EndGlobal
