{
  "name": "Views",
  "lockfileVersion": 2,
  "requires": true,
  "packages": {
    "": {
      "dependencies": {
        "monaco-editor": "file:../../../../../Downloads/monaco-editor-0.26.1.tgz"
      }
    },
    "node_modules/monaco-editor": {
      "version": "0.26.1",
      "resolved": "file:../../../../../Downloads/monaco-editor-0.26.1.tgz",
      "integrity": "sha512-mm45nUrBDk0DgZKgbD7+bhDOtcAFNGPJJRAdS6Su1kTGl6XEgC7U3xOmDUW/0RrLf+jlvCGaqLvD4p2VjwuwwQ==",
      "license": "MIT"
    }
  },
  "dependencies": {
    "monaco-editor": {
      "version": "file:..\\..\\..\\..\\..\\Downloads\\monaco-editor-0.26.1.tgz",
      "integrity": "sha512-mm45nUrBDk0DgZKgbD7+bhDOtcAFNGPJJRAdS6Su1kTGl6XEgC7U3xOmDUW/0RrLf+jlvCGaqLvD4p2VjwuwwQ=="
    }
  }
}
